
Microsoft Visual Studio Solution File, Format Version 12.00
# Visual Studio Version 16
VisualStudioVersion = 16.0.31624.102
MinimumVisualStudioVersion = 10.0.40219.1
Project("{2150E333-8FDC-42A3-9474-1A3956D46DE8}") = "src", "src", "{1F808DCA-3857-4D86-A472-1C3CD17EFD02}"
EndProject
Project("{9A19103F-16F7-4668-BE54-9A1E7A4F7556}") = "Api", "src\Api\Api.csproj", "{7F6CD010-CC1E-4830-A7EC-42B20BE48630}"
EndProject
Project("{9A19103F-16F7-4668-BE54-9A1E7A4F7556}") = "Application", "src\Application\Application.csproj", "{214C2698-C358-4749-9F1A-867D5703A252}"
EndProject
Project("{9A19103F-16F7-4668-BE54-9A1E7A4F7556}") = "Infrastructure", "src\Infrastructure\Infrastructure.csproj", "{A3B2AEED-10B0-4F96-9F6A-5FF16D1810E7}"
EndProject
Project("{FAE04EC0-301F-11D3-BF4B-00C04F79EFBC}") = "Domain", "src\Domain\Domain.csproj", "{31DE257C-6A0F-458E-926B-1CA0B6EE7B3A}"
EndProject
Global
	GlobalSection(SolutionConfigurationPlatforms) = preSolution
		Debug|Any CPU = Debug|Any CPU
		Release|Any CPU = Release|Any CPU
	EndGlobalSection
	GlobalSection(ProjectConfigurationPlatforms) = postSolution
		{7F6CD010-CC1E-4830-A7EC-42B20BE48630}.Debug|Any CPU.ActiveCfg = Debug|Any CPU
		{7F6CD010-CC1E-4830-A7EC-42B20BE48630}.Debug|Any CPU.Build.0 = Debug|Any CPU
		{7F6CD010-CC1E-4830-A7EC-42B20BE48630}.Release|Any CPU.ActiveCfg = Release|Any CPU
		{7F6CD010-CC1E-4830-A7EC-42B20BE48630}.Release|Any CPU.Build.0 = Release|Any CPU
		{214C2698-C358-4749-9F1A-867D5703A252}.Debug|Any CPU.ActiveCfg = Debug|Any CPU
		{214C2698-C358-4749-9F1A-867D5703A252}.Debug|Any CPU.Build.0 = Debug|Any CPU
		{214C2698-C358-4749-9F1A-867D5703A252}.Release|Any CPU.ActiveCfg = Release|Any CPU
		{214C2698-C358-4749-9F1A-867D5703A252}.Release|Any CPU.Build.0 = Release|Any CPU
		{A3B2AEED-10B0-4F96-9F6A-5FF16D1810E7}.Debug|Any CPU.ActiveCfg = Debug|Any CPU
		{A3B2AEED-10B0-4F96-9F6A-5FF16D1810E7}.Debug|Any CPU.Build.0 = Debug|Any CPU
		{A3B2AEED-10B0-4F96-9F6A-5FF16D1810E7}.Release|Any CPU.ActiveCfg = Release|Any CPU
		{A3B2AEED-10B0-4F96-9F6A-5FF16D1810E7}.Release|Any CPU.Build.0 = Release|Any CPU
		{31DE257C-6A0F-458E-926B-1CA0B6EE7B3A}.Debug|Any CPU.ActiveCfg = Debug|Any CPU
		{31DE257C-6A0F-458E-926B-1CA0B6EE7B3A}.Debug|Any CPU.Build.0 = Debug|Any CPU
		{31DE257C-6A0F-458E-926B-1CA0B6EE7B3A}.Release|Any CPU.ActiveCfg = Release|Any CPU
		{31DE257C-6A0F-458E-926B-1CA0B6EE7B3A}.Release|Any CPU.Build.0 = Release|Any CPU
	EndGlobalSection
	GlobalSection(SolutionProperties) = preSolution
		HideSolutionNode = FALSE
	EndGlobalSection
	GlobalSection(NestedProjects) = preSolution
		{7F6CD010-CC1E-4830-A7EC-42B20BE48630} = {1F808DCA-3857-4D86-A472-1C3CD17EFD02}
		{214C2698-C358-4749-9F1A-867D5703A252} = {1F808DCA-3857-4D86-A472-1C3CD17EFD02}
		{A3B2AEED-10B0-4F96-9F6A-5FF16D1810E7} = {1F808DCA-3857-4D86-A472-1C3CD17EFD02}
		{31DE257C-6A0F-458E-926B-1CA0B6EE7B3A} = {1F808DCA-3857-4D86-A472-1C3CD17EFD02}
	EndGlobalSection
	GlobalSection(ExtensibilityGlobals) = postSolution
		SolutionGuid = {BC349EB4-6232-4C40-8EAB-03556D560895}
	EndGlobalSection
EndGlobal
